
Microsoft Visual Studio Solution File, Format Version 12.00
# Visual Studio Version 17
VisualStudioVersion = 17.3.32804.467
MinimumVisualStudioVersion = 10.0.40219.1
Project("{9A19103F-16F7-4668-BE54-9A1E7A4F7556}") = "StartApp", "StartApp\StartApp.csproj", "{1BA44327-FB9A-4F47-BFA6-6632A824BF0D}"
EndProject
Project("{2150E333-8FDC-42A3-9474-1A3956D46DE8}") = "Solution Items", "Solution Items", "{C72A3135-8540-401F-BC7D-70FE6002270C}"
	ProjectSection(SolutionItems) = preProject
		.editorconfig = .editorconfig
	EndProjectSection
EndProject
Project("{9A19103F-16F7-4668-BE54-9A1E7A4F7556}") = "StartAppBoot", "StartAppBoot\StartAppBoot.csproj", "{A2E280B8-82CD-48B8-AD34-B51F7EF1920A}"
EndProject
Project("{9A19103F-16F7-4668-BE54-9A1E7A4F7556}") = "Shared", "Shared\Shared.csproj", "{036B64DE-910D-42AA-BDF7-61FEA921F840}"
EndProject
Global
	GlobalSection(SolutionConfigurationPlatforms) = preSolution
		Debug|x64 = Debug|x64
		Release|x64 = Release|x64
	EndGlobalSection
	GlobalSection(ProjectConfigurationPlatforms) = postSolution
		{1BA44327-FB9A-4F47-BFA6-6632A824BF0D}.Debug|x64.ActiveCfg = Debug|x64
		{1BA44327-FB9A-4F47-BFA6-6632A824BF0D}.Debug|x64.Build.0 = Debug|x64
		{1BA44327-FB9A-4F47-BFA6-6632A824BF0D}.Release|x64.ActiveCfg = Release|x64
		{1BA44327-FB9A-4F47-BFA6-6632A824BF0D}.Release|x64.Build.0 = Release|x64
		{A2E280B8-82CD-48B8-AD34-B51F7EF1920A}.Debug|x64.ActiveCfg = Debug|x64
		{A2E280B8-82CD-48B8-AD34-B51F7EF1920A}.Debug|x64.Build.0 = Debug|x64
		{A2E280B8-82CD-48B8-AD34-B51F7EF1920A}.Release|x64.ActiveCfg = Release|x64
		{A2E280B8-82CD-48B8-AD34-B51F7EF1920A}.Release|x64.Build.0 = Release|x64
		{036B64DE-910D-42AA-BDF7-61FEA921F840}.Debug|x64.ActiveCfg = Debug|x64
		{036B64DE-910D-42AA-BDF7-61FEA921F840}.Debug|x64.Build.0 = Debug|x64
		{036B64DE-910D-42AA-BDF7-61FEA921F840}.Release|x64.ActiveCfg = Release|x64
		{036B64DE-910D-42AA-BDF7-61FEA921F840}.Release|x64.Build.0 = Release|x64
	EndGlobalSection
	GlobalSection(SolutionProperties) = preSolution
		HideSolutionNode = FALSE
	EndGlobalSection
	GlobalSection(ExtensibilityGlobals) = postSolution
		SolutionGuid = {B204BEC1-8C7C-4189-BC80-11C763774376}
	EndGlobalSection
EndGlobal
